
Microsoft Visual Studio Solution File, Format Version 12.00
# Visual Studio Version 17
VisualStudioVersion = 17.11.35222.181
MinimumVisualStudioVersion = 10.0.40219.1
Project("{9A19103F-16F7-4668-BE54-9A1E7A4F7556}") = "kazakov_kirill_kt_31_21", "kazakov_kirill_kt_31_21.csproj", "{7DABFB2F-7D2A-4AE4-8073-2F6DFB4E020E}"
EndProject
Project("{9A19103F-16F7-4668-BE54-9A1E7A4F7556}") = "kazakov_kirill_kt_31_21.Tests", "..\kazakov_kirill_kt_31_21.Tests\kazakov_kirill_kt_31_21.Tests.csproj", "{8FC0F58B-54A6-4468-818F-1BBED97A5188}"
EndProject
Global
	GlobalSection(SolutionConfigurationPlatforms) = preSolution
		Debug|Any CPU = Debug|Any CPU
		Release|Any CPU = Release|Any CPU
	EndGlobalSection
	GlobalSection(ProjectConfigurationPlatforms) = postSolution
		{7DABFB2F-7D2A-4AE4-8073-2F6DFB4E020E}.Debug|Any CPU.ActiveCfg = Debug|Any CPU
		{7DABFB2F-7D2A-4AE4-8073-2F6DFB4E020E}.Debug|Any CPU.Build.0 = Debug|Any CPU
		{7DABFB2F-7D2A-4AE4-8073-2F6DFB4E020E}.Release|Any CPU.ActiveCfg = Release|Any CPU
		{7DABFB2F-7D2A-4AE4-8073-2F6DFB4E020E}.Release|Any CPU.Build.0 = Release|Any CPU
		{8FC0F58B-54A6-4468-818F-1BBED97A5188}.Debug|Any CPU.ActiveCfg = Debug|Any CPU
		{8FC0F58B-54A6-4468-818F-1BBED97A5188}.Debug|Any CPU.Build.0 = Debug|Any CPU
		{8FC0F58B-54A6-4468-818F-1BBED97A5188}.Release|Any CPU.ActiveCfg = Release|Any CPU
		{8FC0F58B-54A6-4468-818F-1BBED97A5188}.Release|Any CPU.Build.0 = Release|Any CPU
	EndGlobalSection
	GlobalSection(SolutionProperties) = preSolution
		HideSolutionNode = FALSE
	EndGlobalSection
	GlobalSection(ExtensibilityGlobals) = postSolution
		SolutionGuid = {26E138BC-2650-4CE6-B997-D7B7AE94C220}
	EndGlobalSection
EndGlobal
